{
  "name": "insomnia-plugin-http-signature",
  "version": "1.0.0",
  "lockfileVersion": 1,
  "requires": true,
  "dependencies": {
    "luxon": {
      "version": "1.3.3",
      "resolved": "https://registry.npmjs.org/luxon/-/luxon-1.3.3.tgz",
      "integrity": "sha512-3CM0jpS3mbHwWoPYprX1/Zsd5esni0LkhMfSiSY6xQ3/M3pnct3OPWbWkQdEEl9MO9593k6PvDn1DhxCkpuZEw=="
    }
  }
}
